// !$*UTF8*$!
{
	archiveVersion = 1;
	classes = {
	};
	objectVersion = 55;
	objects = {

/* Begin PBXBuildFile section */
		A26CDB1C287B7418002B7B68 /* ExampleTutorialApp.swift in Sources */ = {isa = PBXBuildFile; fileRef = A26CDB1B287B7418002B7B68 /* ExampleTutorialApp.swift */; };
		A26CDB1E287B7418002B7B68 /* ContentView.swift in Sources */ = {isa = PBXBuildFile; fileRef = A26CDB1D287B7418002B7B68 /* ContentView.swift */; };
		A26CDB20287B741B002B7B68 /* Assets.xcassets in Resources */ = {isa = PBXBuildFile; fileRef = A26CDB1F287B741B002B7B68 /* Assets.xcassets */; };
		A26CDB23287B741B002B7B68 /* Preview Assets.xcassets in Resources */ = {isa = PBXBuildFile; fileRef = A26CDB22287B741B002B7B68 /* Preview Assets.xcassets */; };
		A26CDB2A287B9B03002B7B68 /* CircleImage.swift in Sources */ = {isa = PBXBuildFile; fileRef = A26CDB29287B9B03002B7B68 /* CircleImage.swift */; };
		A26CDB2C287B9E8C002B7B68 /* MapView.swift in Sources */ = {isa = PBXBuildFile; fileRef = A26CDB2B287B9E8C002B7B68 /* MapView.swift */; };
		A26CDB2E287BA52F002B7B68 /* landmarkData.json in Resources */ = {isa = PBXBuildFile; fileRef = A26CDB2D287BA52F002B7B68 /* landmarkData.json */; };
		A26CDB30287BA5BF002B7B68 /* Landmark.swift in Sources */ = {isa = PBXBuildFile; fileRef = A26CDB2F287BA5BF002B7B68 /* Landmark.swift */; };
		A26CDB32287BAACD002B7B68 /* ModelData.swift in Sources */ = {isa = PBXBuildFile; fileRef = A26CDB31287BAACD002B7B68 /* ModelData.swift */; };
		A26CDB39287BB0D0002B7B68 /* LandmarkRow.swift in Sources */ = {isa = PBXBuildFile; fileRef = A26CDB38287BB0CF002B7B68 /* LandmarkRow.swift */; };
		A26CDB3B287BC8A6002B7B68 /* LandmarkList.swift in Sources */ = {isa = PBXBuildFile; fileRef = A26CDB3A287BC8A5002B7B68 /* LandmarkList.swift */; };
		A26CDB3D287BD981002B7B68 /* LandmarkDetail.swift in Sources */ = {isa = PBXBuildFile; fileRef = A26CDB3C287BD980002B7B68 /* LandmarkDetail.swift */; };
/* End PBXBuildFile section */

/* Begin PBXFileReference section */
		A26CDB18287B7418002B7B68 /* ExampleTutorial.app */ = {isa = PBXFileReference; explicitFileType = wrapper.application; includeInIndex = 0; path = ExampleTutorial.app; sourceTree = BUILT_PRODUCTS_DIR; };
		A26CDB1B287B7418002B7B68 /* ExampleTutorialApp.swift */ = {isa = PBXFileReference; lastKnownFileType = sourcecode.swift; path = ExampleTutorialApp.swift; sourceTree = "<group>"; };
		A26CDB1D287B7418002B7B68 /* ContentView.swift */ = {isa = PBXFileReference; lastKnownFileType = sourcecode.swift; path = ContentView.swift; sourceTree = "<group>"; };
		A26CDB1F287B741B002B7B68 /* Assets.xcassets */ = {isa = PBXFileReference; lastKnownFileType = folder.assetcatalog; path = Assets.xcassets; sourceTree = "<group>"; };
		A26CDB22287B741B002B7B68 /* Preview Assets.xcassets */ = {isa = PBXFileReference; lastKnownFileType = folder.assetcatalog; path = "Preview Assets.xcassets"; sourceTree = "<group>"; };
		A26CDB29287B9B03002B7B68 /* CircleImage.swift */ = {isa = PBXFileReference; lastKnownFileType = sourcecode.swift; path = CircleImage.swift; sourceTree = "<group>"; };
		A26CDB2B287B9E8C002B7B68 /* MapView.swift */ = {isa = PBXFileReference; lastKnownFileType = sourcecode.swift; path = MapView.swift; sourceTree = "<group>"; };
		A26CDB2D287BA52F002B7B68 /* landmarkData.json */ = {isa = PBXFileReference; lastKnownFileType = text.json; path = landmarkData.json; sourceTree = "<group>"; };
		A26CDB2F287BA5BF002B7B68 /* Landmark.swift */ = {isa = PBXFileReference; lastKnownFileType = sourcecode.swift; path = Landmark.swift; sourceTree = "<group>"; };
		A26CDB31287BAACD002B7B68 /* ModelData.swift */ = {isa = PBXFileReference; lastKnownFileType = sourcecode.swift; path = ModelData.swift; sourceTree = "<group>"; };
		A26CDB38287BB0CF002B7B68 /* LandmarkRow.swift */ = {isa = PBXFileReference; lastKnownFileType = sourcecode.swift; name = LandmarkRow.swift; path = ExampleTutorial/LandmarkRow.swift; sourceTree = SOURCE_ROOT; };
		A26CDB3A287BC8A5002B7B68 /* LandmarkList.swift */ = {isa = PBXFileReference; lastKnownFileType = sourcecode.swift; path = LandmarkList.swift; sourceTree = "<group>"; };
		A26CDB3C287BD980002B7B68 /* LandmarkDetail.swift */ = {isa = PBXFileReference; lastKnownFileType = sourcecode.swift; path = LandmarkDetail.swift; sourceTree = "<group>"; };
/* End PBXFileReference section */

/* Begin PBXFrameworksBuildPhase section */
		A26CDB15287B7418002B7B68 /* Frameworks */ = {
			isa = PBXFrameworksBuildPhase;
			buildActionMask = 2147483647;
			files = (
			);
			runOnlyForDeploymentPostprocessing = 0;
		};
/* End PBXFrameworksBuildPhase section */

/* Begin PBXGroup section */
		A26CDB0F287B7418002B7B68 = {
			isa = PBXGroup;
			children = (
				A26CDB1A287B7418002B7B68 /* ExampleTutorial */,
				A26CDB19287B7418002B7B68 /* Products */,
			);
			sourceTree = "<group>";
		};
		A26CDB19287B7418002B7B68 /* Products */ = {
			isa = PBXGroup;
			children = (
				A26CDB18287B7418002B7B68 /* ExampleTutorial.app */,
			);
			name = Products;
			sourceTree = "<group>";
		};
		A26CDB1A287B7418002B7B68 /* ExampleTutorial */ = {
			isa = PBXGroup;
			children = (
				A26CDB35287BAFA4002B7B68 /* Resources */,
				A26CDB34287BAF8C002B7B68 /* Model */,
				A26CDB33287BAF56002B7B68 /* Views */,
				A26CDB1B287B7418002B7B68 /* ExampleTutorialApp.swift */,
				A26CDB1F287B741B002B7B68 /* Assets.xcassets */,
				A26CDB21287B741B002B7B68 /* Preview Content */,
			);
			path = ExampleTutorial;
			sourceTree = "<group>";
		};
		A26CDB21287B741B002B7B68 /* Preview Content */ = {
			isa = PBXGroup;
			children = (
				A26CDB22287B741B002B7B68 /* Preview Assets.xcassets */,
			);
			path = "Preview Content";
			sourceTree = "<group>";
		};
		A26CDB33287BAF56002B7B68 /* Views */ = {
			isa = PBXGroup;
			children = (
				A26CDB38287BB0CF002B7B68 /* LandmarkRow.swift */,
				A26CDB3A287BC8A5002B7B68 /* LandmarkList.swift */,
				A26CDB3C287BD980002B7B68 /* LandmarkDetail.swift */,
				A26CDB1D287B7418002B7B68 /* ContentView.swift */,
				A26CDB2B287B9E8C002B7B68 /* MapView.swift */,
				A26CDB29287B9B03002B7B68 /* CircleImage.swift */,
			);
			path = Views;
			sourceTree = "<group>";
		};
		A26CDB34287BAF8C002B7B68 /* Model */ = {
			isa = PBXGroup;
			children = (
				A26CDB2F287BA5BF002B7B68 /* Landmark.swift */,
				A26CDB31287BAACD002B7B68 /* ModelData.swift */,
			);
			path = Model;
			sourceTree = "<group>";
		};
		A26CDB35287BAFA4002B7B68 /* Resources */ = {
			isa = PBXGroup;
			children = (
				A26CDB2D287BA52F002B7B68 /* landmarkData.json */,
			);
			path = Resources;
			sourceTree = "<group>";
		};
/* End PBXGroup section */

/* Begin PBXNativeTarget section */
		A26CDB17287B7418002B7B68 /* ExampleTutorial */ = {
			isa = PBXNativeTarget;
			buildConfigurationList = A26CDB26287B741B002B7B68 /* Build configuration list for PBXNativeTarget "ExampleTutorial" */;
			buildPhases = (
				A26CDB14287B7418002B7B68 /* Sources */,
				A26CDB15287B7418002B7B68 /* Frameworks */,
				A26CDB16287B7418002B7B68 /* Resources */,
			);
			buildRules = (
			);
			dependencies = (
			);
			name = ExampleTutorial;
			productName = ExampleTutorial;
			productReference = A26CDB18287B7418002B7B68 /* ExampleTutorial.app */;
			productType = "com.apple.product-type.application";
		};
/* End PBXNativeTarget section */

/* Begin PBXProject section */
		A26CDB10287B7418002B7B68 /* Project object */ = {
			isa = PBXProject;
			attributes = {
				BuildIndependentTargetsInParallel = 1;
				LastSwiftUpdateCheck = 1340;
				LastUpgradeCheck = 1340;
				TargetAttributes = {
					A26CDB17287B7418002B7B68 = {
						CreatedOnToolsVersion = 13.4.1;
					};
				};
			};
			buildConfigurationList = A26CDB13287B7418002B7B68 /* Build configuration list for PBXProject "ExampleTutorial" */;
			compatibilityVersion = "Xcode 13.0";
			developmentRegion = en;
			hasScannedForEncodings = 0;
			knownRegions = (
				en,
				Base,
			);
			mainGroup = A26CDB0F287B7418002B7B68;
			productRefGroup = A26CDB19287B7418002B7B68 /* Products */;
			projectDirPath = "";
			projectRoot = "";
			targets = (
				A26CDB17287B7418002B7B68 /* ExampleTutorial */,
			);
		};
/* End PBXProject section */

/* Begin PBXResourcesBuildPhase section */
		A26CDB16287B7418002B7B68 /* Resources */ = {
			isa = PBXResourcesBuildPhase;
			buildActionMask = 2147483647;
			files = (
				A26CDB23287B741B002B7B68 /* Preview Assets.xcassets in Resources */,
				A26CDB20287B741B002B7B68 /* Assets.xcassets in Resources */,
				A26CDB2E287BA52F002B7B68 /* landmarkData.json in Resources */,
			);
			runOnlyForDeploymentPostprocessing = 0;
		};
/* End PBXResourcesBuildPhase section */

/* Begin PBXSourcesBuildPhase section */
		A26CDB14287B7418002B7B68 /* Sources */ = {
			isa = PBXSourcesBuildPhase;
			buildActionMask = 2147483647;
			files = (
				A26CDB1E287B7418002B7B68 /* ContentView.swift in Sources */,
				A26CDB2C287B9E8C002B7B68 /* MapView.swift in Sources */,
				A26CDB1C287B7418002B7B68 /* ExampleTutorialApp.swift in Sources */,
				A26CDB3B287BC8A6002B7B68 /* LandmarkList.swift in Sources */,
				A26CDB3D287BD981002B7B68 /* LandmarkDetail.swift in Sources */,
				A26CDB2A287B9B03002B7B68 /* CircleImage.swift in Sources */,
				A26CDB30287BA5BF002B7B68 /* Landmark.swift in Sources */,
				A26CDB39287BB0D0002B7B68 /* LandmarkRow.swift in Sources */,
				A26CDB32287BAACD002B7B68 /* ModelData.swift in Sources */,
			);
			runOnlyForDeploymentPostprocessing = 0;
		};
/* End PBXSourcesBuildPhase section */

/* Begin XCBuildConfiguration section */
		A26CDB24287B741B002B7B68 /* Debug */ = {
			isa = XCBuildConfiguration;
			buildSettings = {
				ALWAYS_SEARCH_USER_PATHS = NO;
				CLANG_ANALYZER_NONNULL = YES;
				CLANG_ANALYZER_NUMBER_OBJECT_CONVERSION = YES_AGGRESSIVE;
				CLANG_CXX_LANGUAGE_STANDARD = "gnu++17";
				CLANG_ENABLE_MODULES = YES;
				CLANG_ENABLE_OBJC_ARC = YES;
				CLANG_ENABLE_OBJC_WEAK = YES;
				CLANG_WARN_BLOCK_CAPTURE_AUTORELEASING = YES;
				CLANG_WARN_BOOL_CONVERSION = YES;
				CLANG_WARN_COMMA = YES;
				CLANG_WARN_CONSTANT_CONVERSION = YES;
				CLANG_WARN_DEPRECATED_OBJC_IMPLEMENTATIONS = YES;
				CLANG_WARN_DIRECT_OBJC_ISA_USAGE = YES_ERROR;
				CLANG_WARN_DOCUMENTATION_COMMENTS = YES;
				CLANG_WARN_EMPTY_BODY = YES;
				CLANG_WARN_ENUM_CONVERSION = YES;
				CLANG_WARN_INFINITE_RECURSION = YES;
				CLANG_WARN_INT_CONVERSION = YES;
				CLANG_WARN_NON_LITERAL_NULL_CONVERSION = YES;
				CLANG_WARN_OBJC_IMPLICIT_RETAIN_SELF = YES;
				CLANG_WARN_OBJC_LITERAL_CONVERSION = YES;
				CLANG_WARN_OBJC_ROOT_CLASS = YES_ERROR;
				CLANG_WARN_QUOTED_INCLUDE_IN_FRAMEWORK_HEADER = YES;
				CLANG_WARN_RANGE_LOOP_ANALYSIS = YES;
				CLANG_WARN_STRICT_PROTOTYPES = YES;
				CLANG_WARN_SUSPICIOUS_MOVE = YES;
				CLANG_WARN_UNGUARDED_AVAILABILITY = YES_AGGRESSIVE;
				CLANG_WARN_UNREACHABLE_CODE = YES;
				CLANG_WARN__DUPLICATE_METHOD_MATCH = YES;
				COPY_PHASE_STRIP = NO;
				DEBUG_INFORMATION_FORMAT = dwarf;
				ENABLE_STRICT_OBJC_MSGSEND = YES;
				ENABLE_TESTABILITY = YES;
				GCC_C_LANGUAGE_STANDARD = gnu11;
				GCC_DYNAMIC_NO_PIC = NO;
				GCC_NO_COMMON_BLOCKS = YES;
				GCC_OPTIMIZATION_LEVEL = 0;
				GCC_PREPROCESSOR_DEFINITIONS = (
					"DEBUG=1",
					"$(inherited)",
				);
				GCC_WARN_64_TO_32_BIT_CONVERSION = YES;
				GCC_WARN_ABOUT_RETURN_TYPE = YES_ERROR;
				GCC_WARN_UNDECLARED_SELECTOR = YES;
				GCC_WARN_UNINITIALIZED_AUTOS = YES_AGGRESSIVE;
				GCC_WARN_UNUSED_FUNCTION = YES;
				GCC_WARN_UNUSED_VARIABLE = YES;
				IPHONEOS_DEPLOYMENT_TARGET = 15.5;
				MTL_ENABLE_DEBUG_INFO = INCLUDE_SOURCE;
				MTL_FAST_MATH = YES;
				ONLY_ACTIVE_ARCH = YES;
				SDKROOT = iphoneos;
				SWIFT_ACTIVE_COMPILATION_CONDITIONS = DEBUG;
				SWIFT_OPTIMIZATION_LEVEL = "-Onone";
			};
			name = Debug;
		};
		A26CDB25287B741B002B7B68 /* Release */ = {
			isa = XCBuildConfiguration;
			buildSettings = {
				ALWAYS_SEARCH_USER_PATHS = NO;
				CLANG_ANALYZER_NONNULL = YES;
				CLANG_ANALYZER_NUMBER_OBJECT_CONVERSION = YES_AGGRESSIVE;
				CLANG_CXX_LANGUAGE_STANDARD = "gnu++17";
				CLANG_ENABLE_MODULES = YES;
				CLANG_ENABLE_OBJC_ARC = YES;
				CLANG_ENABLE_OBJC_WEAK = YES;
				CLANG_WARN_BLOCK_CAPTURE_AUTORELEASING = YES;
				CLANG_WARN_BOOL_CONVERSION = YES;
				CLANG_WARN_COMMA = YES;
				CLANG_WARN_CONSTANT_CONVERSION = YES;
				CLANG_WARN_DEPRECATED_OBJC_IMPLEMENTATIONS = YES;
				CLANG_WARN_DIRECT_OBJC_ISA_USAGE = YES_ERROR;
				CLANG_WARN_DOCUMENTATION_COMMENTS = YES;
				CLANG_WARN_EMPTY_BODY = YES;
				CLANG_WARN_ENUM_CONVERSION = YES;
				CLANG_WARN_INFINITE_RECURSION = YES;
				CLANG_WARN_INT_CONVERSION = YES;
				CLANG_WARN_NON_LITERAL_NULL_CONVERSION = YES;
				CLANG_WARN_OBJC_IMPLICIT_RETAIN_SELF = YES;
				CLANG_WARN_OBJC_LITERAL_CONVERSION = YES;
				CLANG_WARN_OBJC_ROOT_CLASS = YES_ERROR;
				CLANG_WARN_QUOTED_INCLUDE_IN_FRAMEWORK_HEADER = YES;
				CLANG_WARN_RANGE_LOOP_ANALYSIS = YES;
				CLANG_WARN_STRICT_PROTOTYPES = YES;
				CLANG_WARN_SUSPICIOUS_MOVE = YES;
				CLANG_WARN_UNGUARDED_AVAILABILITY = YES_AGGRESSIVE;
				CLANG_WARN_UNREACHABLE_CODE = YES;
				CLANG_WARN__DUPLICATE_METHOD_MATCH = YES;
				COPY_PHASE_STRIP = NO;
				DEBUG_INFORMATION_FORMAT = "dwarf-with-dsym";
				ENABLE_NS_ASSERTIONS = NO;
				ENABLE_STRICT_OBJC_MSGSEND = YES;
				GCC_C_LANGUAGE_STANDARD = gnu11;
				GCC_NO_COMMON_BLOCKS = YES;
				GCC_WARN_64_TO_32_BIT_CONVERSION = YES;
				GCC_WARN_ABOUT_RETURN_TYPE = YES_ERROR;
				GCC_WARN_UNDECLARED_SELECTOR = YES;
				GCC_WARN_UNINITIALIZED_AUTOS = YES_AGGRESSIVE;
				GCC_WARN_UNUSED_FUNCTION = YES;
				GCC_WARN_UNUSED_VARIABLE = YES;
				IPHONEOS_DEPLOYMENT_TARGET = 15.5;
				MTL_ENABLE_DEBUG_INFO = NO;
				MTL_FAST_MATH = YES;
				SDKROOT = iphoneos;
				SWIFT_COMPILATION_MODE = wholemodule;
				SWIFT_OPTIMIZATION_LEVEL = "-O";
				VALIDATE_PRODUCT = YES;
			};
			name = Release;
		};
		A26CDB27287B741B002B7B68 /* Debug */ = {
			isa = XCBuildConfiguration;
			buildSettings = {
				ASSETCATALOG_COMPILER_APPICON_NAME = AppIcon;
				ASSETCATALOG_COMPILER_GLOBAL_ACCENT_COLOR_NAME = AccentColor;
				CODE_SIGN_STYLE = Automatic;
				CURRENT_PROJECT_VERSION = 1;
				DEVELOPMENT_ASSET_PATHS = "\"ExampleTutorial/Preview Content\"";
				DEVELOPMENT_TEAM = HCKV8KXUD4;
				ENABLE_PREVIEWS = YES;
				GENERATE_INFOPLIST_FILE = YES;
				INFOPLIST_KEY_UIApplicationSceneManifest_Generation = YES;
				INFOPLIST_KEY_UIApplicationSupportsIndirectInputEvents = YES;
				INFOPLIST_KEY_UILaunchScreen_Generation = YES;
				INFOPLIST_KEY_UISupportedInterfaceOrientations_iPad = "UIInterfaceOrientationPortrait UIInterfaceOrientationPortraitUpsideDown UIInterfaceOrientationLandscapeLeft UIInterfaceOrientationLandscapeRight";
				INFOPLIST_KEY_UISupportedInterfaceOrientations_iPhone = "UIInterfaceOrientationPortrait UIInterfaceOrientationLandscapeLeft UIInterfaceOrientationLandscapeRight";
				LD_RUNPATH_SEARCH_PATHS = (
					"$(inherited)",
					"@executable_path/Frameworks",
				);
				MARKETING_VERSION = 1.0;
				PRODUCT_BUNDLE_IDENTIFIER = com.ayaworan.ExampleTutorial;
				PRODUCT_NAME = "$(TARGET_NAME)";
				SWIFT_EMIT_LOC_STRINGS = YES;
				SWIFT_VERSION = 5.0;
				TARGETED_DEVICE_FAMILY = "1,2";
			};
			name = Debug;
		};
		A26CDB28287B741B002B7B68 /* Release */ = {
			isa = XCBuildConfiguration;
			buildSettings = {
				ASSETCATALOG_COMPILER_APPICON_NAME = AppIcon;
				ASSETCATALOG_COMPILER_GLOBAL_ACCENT_COLOR_NAME = AccentColor;
				CODE_SIGN_STYLE = Automatic;
				CURRENT_PROJECT_VERSION = 1;
				DEVELOPMENT_ASSET_PATHS = "\"ExampleTutorial/Preview Content\"";
				DEVELOPMENT_TEAM = HCKV8KXUD4;
				ENABLE_PREVIEWS = YES;
				GENERATE_INFOPLIST_FILE = YES;
				INFOPLIST_KEY_UIApplicationSceneManifest_Generation = YES;
				INFOPLIST_KEY_UIApplicationSupportsIndirectInputEvents = YES;
				INFOPLIST_KEY_UILaunchScreen_Generation = YES;
				INFOPLIST_KEY_UISupportedInterfaceOrientations_iPad = "UIInterfaceOrientationPortrait UIInterfaceOrientationPortraitUpsideDown UIInterfaceOrientationLandscapeLeft UIInterfaceOrientationLandscapeRight";
				INFOPLIST_KEY_UISupportedInterfaceOrientations_iPhone = "UIInterfaceOrientationPortrait UIInterfaceOrientationLandscapeLeft UIInterfaceOrientationLandscapeRight";
				LD_RUNPATH_SEARCH_PATHS = (
					"$(inherited)",
					"@executable_path/Frameworks",
				);
				MARKETING_VERSION = 1.0;
				PRODUCT_BUNDLE_IDENTIFIER = com.ayaworan.ExampleTutorial;
				PRODUCT_NAME = "$(TARGET_NAME)";
				SWIFT_EMIT_LOC_STRINGS = YES;
				SWIFT_VERSION = 5.0;
				TARGETED_DEVICE_FAMILY = "1,2";
			};
			name = Release;
		};
/* End XCBuildConfiguration section */

/* Begin XCConfigurationList section */
		A26CDB13287B7418002B7B68 /* Build configuration list for PBXProject "ExampleTutorial" */ = {
			isa = XCConfigurationList;
			buildConfigurations = (
				A26CDB24287B741B002B7B68 /* Debug */,
				A26CDB25287B741B002B7B68 /* Release */,
			);
			defaultConfigurationIsVisible = 0;
			defaultConfigurationName = Release;
		};
		A26CDB26287B741B002B7B68 /* Build configuration list for PBXNativeTarget "ExampleTutorial" */ = {
			isa = XCConfigurationList;
			buildConfigurations = (
				A26CDB27287B741B002B7B68 /* Debug */,
				A26CDB28287B741B002B7B68 /* Release */,
			);
			defaultConfigurationIsVisible = 0;
			defaultConfigurationName = Release;
		};
/* End XCConfigurationList section */
	};
	rootObject = A26CDB10287B7418002B7B68 /* Project object */;
}
